
Microsoft Visual Studio Solution File, Format Version 12.00
# Visual Studio Version 16
VisualStudioVersion = 16.0.29905.134
MinimumVisualStudioVersion = 10.0.40219.1
Project("{9A19103F-16F7-4668-BE54-9A1E7A4F7556}") = "Sample", "Sample\Sample.csproj", "{84C0E9E6-1AF7-415B-9E5C-2E861D439038}"
EndProject
Project("{9A19103F-16F7-4668-BE54-9A1E7A4F7556}") = "Panosen.AspNetCore.Authentication.Basic", "Panosen.AspNetCore.Authentication.Basic\Panosen.AspNetCore.Authentication.Basic.csproj", "{76640571-15B0-4D88-994C-7DD315A757E6}"
EndProject
Project("{9A19103F-16F7-4668-BE54-9A1E7A4F7556}") = "Panosen.AspNetCore.Authentication.Header", "Panosen.AspNetCore.Authentication.Header\Panosen.AspNetCore.Authentication.Header.csproj", "{8D0D9166-D8DE-4B35-89F5-BB894EDED23D}"
EndProject
Global
	GlobalSection(SolutionConfigurationPlatforms) = preSolution
		Debug|Any CPU = Debug|Any CPU
		Release|Any CPU = Release|Any CPU
	EndGlobalSection
	GlobalSection(ProjectConfigurationPlatforms) = postSolution
		{84C0E9E6-1AF7-415B-9E5C-2E861D439038}.Debug|Any CPU.ActiveCfg = Debug|Any CPU
		{84C0E9E6-1AF7-415B-9E5C-2E861D439038}.Debug|Any CPU.Build.0 = Debug|Any CPU
		{84C0E9E6-1AF7-415B-9E5C-2E861D439038}.Release|Any CPU.ActiveCfg = Release|Any CPU
		{84C0E9E6-1AF7-415B-9E5C-2E861D439038}.Release|Any CPU.Build.0 = Release|Any CPU
		{76640571-15B0-4D88-994C-7DD315A757E6}.Debug|Any CPU.ActiveCfg = Debug|Any CPU
		{76640571-15B0-4D88-994C-7DD315A757E6}.Debug|Any CPU.Build.0 = Debug|Any CPU
		{76640571-15B0-4D88-994C-7DD315A757E6}.Release|Any CPU.ActiveCfg = Release|Any CPU
		{76640571-15B0-4D88-994C-7DD315A757E6}.Release|Any CPU.Build.0 = Release|Any CPU
		{8D0D9166-D8DE-4B35-89F5-BB894EDED23D}.Debug|Any CPU.ActiveCfg = Debug|Any CPU
		{8D0D9166-D8DE-4B35-89F5-BB894EDED23D}.Debug|Any CPU.Build.0 = Debug|Any CPU
		{8D0D9166-D8DE-4B35-89F5-BB894EDED23D}.Release|Any CPU.ActiveCfg = Release|Any CPU
		{8D0D9166-D8DE-4B35-89F5-BB894EDED23D}.Release|Any CPU.Build.0 = Release|Any CPU
	EndGlobalSection
	GlobalSection(SolutionProperties) = preSolution
		HideSolutionNode = FALSE
	EndGlobalSection
	GlobalSection(ExtensibilityGlobals) = postSolution
		SolutionGuid = {06FC8D2D-D850-4F98-B564-5A469F536F4F}
	EndGlobalSection
EndGlobal
